<Solution>
  <Project Path="SistemaDeGestaoDeConcessionaria.Application/SistemaDeGestaoDeConcessionaria.Application.csproj" Id="43a5a5e1-8ddb-4541-8de7-2844a2cb39f9" />
  <Project Path="SistemaDeGestaoDeConcessionaria.Infra.Data/SistemaDeGestaoDeConcessionaria.Infra.Data.csproj" Id="573d7a7d-3461-4c10-901f-09e453357da3" />
  <Project Path="SistemaDeGestaoDeConcessionaria.Infra.Ioc/SistemaDeGestaoDeConcessionaria.Infra.Ioc.csproj" Id="bacaefaa-7f49-459f-adb5-75783391494e" />
  <Project Path="SistemaGestaoDeConcessionaria.Domain/SistemaGestaoDeConcessionaria.Domain.csproj" Id="1a1f0475-23a7-40e6-b9fb-3504699419d2" />
  <Project Path="SistemaGestaoDeConcessionaria/SistemaGestaoDeConcessionaria.API.csproj" />
</Solution>
